
Microsoft Visual Studio Solution File, Format Version 12.00
# Visual Studio Version 17
VisualStudioVersion = 17.11.35303.130
MinimumVisualStudioVersion = 10.0.40219.1
Project("{FAE04EC0-301F-11D3-BF4B-00C04F79EFBC}") = "WebApiSQL", "WebApiSQL\WebApiSQL.csproj", "{8313854A-4DFB-4B5B-8B06-A1DAC3D648A6}"
EndProject
Global
	GlobalSection(SolutionConfigurationPlatforms) = preSolution
		Debug|Any CPU = Debug|Any CPU
		Release|Any CPU = Release|Any CPU
	EndGlobalSection
	GlobalSection(ProjectConfigurationPlatforms) = postSolution
		{8313854A-4DFB-4B5B-8B06-A1DAC3D648A6}.Debug|Any CPU.ActiveCfg = Debug|Any CPU
		{8313854A-4DFB-4B5B-8B06-A1DAC3D648A6}.Debug|Any CPU.Build.0 = Debug|Any CPU
		{8313854A-4DFB-4B5B-8B06-A1DAC3D648A6}.Release|Any CPU.ActiveCfg = Release|Any CPU
		{8313854A-4DFB-4B5B-8B06-A1DAC3D648A6}.Release|Any CPU.Build.0 = Release|Any CPU
	EndGlobalSection
	GlobalSection(SolutionProperties) = preSolution
		HideSolutionNode = FALSE
	EndGlobalSection
	GlobalSection(ExtensibilityGlobals) = postSolution
		SolutionGuid = {56A148CD-57B3-4613-A327-B81E38D30114}
	EndGlobalSection
EndGlobal
